{
  "name": "node_kafka",
  "version": "1.0.0",
  "lockfileVersion": 1,
  "requires": true,
  "dependencies": {
    "avsc": {
      "version": "5.7.4",
      "resolved": "https://registry.npmjs.org/avsc/-/avsc-5.7.4.tgz",
      "integrity": "sha512-z4oo33lmnvvNRqfUe3YjDGGpqu/L2+wXBIhMtwq6oqZ+exOUAkQYM6zd2VWKF7AIlajOF8ZZuPFfryTG9iLC/w=="
    },
    "kafkajs": {
      "version": "1.16.0",
      "resolved": "https://registry.npmjs.org/kafkajs/-/kafkajs-1.16.0.tgz",
      "integrity": "sha512-+Rcfu2hyQ/jv5skqRY8xA7Ra+mmRkDAzCaLDYbkGtgsNKpzxPWiLbk8ub0dgr4EbWrN1Zb4BCXHUkD6+zYfdWg=="
    }
  }
}
